
Microsoft Visual Studio Solution File, Format Version 12.00
# Visual Studio Version 16
VisualStudioVersion = 16.0.30114.105
MinimumVisualStudioVersion = 10.0.40219.1
Project("{FAE04EC0-301F-11D3-BF4B-00C04F79EFBC}") = "ProEventos.Application", "ProEventos.Application\ProEventos.Application.csproj", "{1D66D882-4269-4833-B039-B28539EEED9E}"
EndProject
Project("{FAE04EC0-301F-11D3-BF4B-00C04F79EFBC}") = "ProEventos.Domain", "ProEventos.Domain\ProEventos.Domain.csproj", "{EF1776AC-2785-42DC-9282-660B298608EF}"
EndProject
Project("{FAE04EC0-301F-11D3-BF4B-00C04F79EFBC}") = "ProEventos.API", "ProEventos.API\ProEventos.API.csproj", "{FA8237EE-E127-4D18-B898-EC60107095F2}"
EndProject
Project("{FAE04EC0-301F-11D3-BF4B-00C04F79EFBC}") = "ProEventos.Persistence", "ProEventos.Persistence\ProEventos.Persistence.csproj", "{B4781854-6732-4D6A-A825-81A9FFC6030F}"
EndProject
Global
	GlobalSection(SolutionConfigurationPlatforms) = preSolution
		Debug|Any CPU = Debug|Any CPU
		Debug|x64 = Debug|x64
		Debug|x86 = Debug|x86
		Release|Any CPU = Release|Any CPU
		Release|x64 = Release|x64
		Release|x86 = Release|x86
	EndGlobalSection
	GlobalSection(SolutionProperties) = preSolution
		HideSolutionNode = FALSE
	EndGlobalSection
	GlobalSection(ProjectConfigurationPlatforms) = postSolution
		{1D66D882-4269-4833-B039-B28539EEED9E}.Debug|Any CPU.ActiveCfg = Debug|Any CPU
		{1D66D882-4269-4833-B039-B28539EEED9E}.Debug|Any CPU.Build.0 = Debug|Any CPU
		{1D66D882-4269-4833-B039-B28539EEED9E}.Debug|x64.ActiveCfg = Debug|Any CPU
		{1D66D882-4269-4833-B039-B28539EEED9E}.Debug|x64.Build.0 = Debug|Any CPU
		{1D66D882-4269-4833-B039-B28539EEED9E}.Debug|x86.ActiveCfg = Debug|Any CPU
		{1D66D882-4269-4833-B039-B28539EEED9E}.Debug|x86.Build.0 = Debug|Any CPU
		{1D66D882-4269-4833-B039-B28539EEED9E}.Release|Any CPU.ActiveCfg = Release|Any CPU
		{1D66D882-4269-4833-B039-B28539EEED9E}.Release|Any CPU.Build.0 = Release|Any CPU
		{1D66D882-4269-4833-B039-B28539EEED9E}.Release|x64.ActiveCfg = Release|Any CPU
		{1D66D882-4269-4833-B039-B28539EEED9E}.Release|x64.Build.0 = Release|Any CPU
		{1D66D882-4269-4833-B039-B28539EEED9E}.Release|x86.ActiveCfg = Release|Any CPU
		{1D66D882-4269-4833-B039-B28539EEED9E}.Release|x86.Build.0 = Release|Any CPU
		{EF1776AC-2785-42DC-9282-660B298608EF}.Debug|Any CPU.ActiveCfg = Debug|Any CPU
		{EF1776AC-2785-42DC-9282-660B298608EF}.Debug|Any CPU.Build.0 = Debug|Any CPU
		{EF1776AC-2785-42DC-9282-660B298608EF}.Debug|x64.ActiveCfg = Debug|Any CPU
		{EF1776AC-2785-42DC-9282-660B298608EF}.Debug|x64.Build.0 = Debug|Any CPU
		{EF1776AC-2785-42DC-9282-660B298608EF}.Debug|x86.ActiveCfg = Debug|Any CPU
		{EF1776AC-2785-42DC-9282-660B298608EF}.Debug|x86.Build.0 = Debug|Any CPU
		{EF1776AC-2785-42DC-9282-660B298608EF}.Release|Any CPU.ActiveCfg = Release|Any CPU
		{EF1776AC-2785-42DC-9282-660B298608EF}.Release|Any CPU.Build.0 = Release|Any CPU
		{EF1776AC-2785-42DC-9282-660B298608EF}.Release|x64.ActiveCfg = Release|Any CPU
		{EF1776AC-2785-42DC-9282-660B298608EF}.Release|x64.Build.0 = Release|Any CPU
		{EF1776AC-2785-42DC-9282-660B298608EF}.Release|x86.ActiveCfg = Release|Any CPU
		{EF1776AC-2785-42DC-9282-660B298608EF}.Release|x86.Build.0 = Release|Any CPU
		{FA8237EE-E127-4D18-B898-EC60107095F2}.Debug|Any CPU.ActiveCfg = Debug|Any CPU
		{FA8237EE-E127-4D18-B898-EC60107095F2}.Debug|Any CPU.Build.0 = Debug|Any CPU
		{FA8237EE-E127-4D18-B898-EC60107095F2}.Debug|x64.ActiveCfg = Debug|Any CPU
		{FA8237EE-E127-4D18-B898-EC60107095F2}.Debug|x64.Build.0 = Debug|Any CPU
		{FA8237EE-E127-4D18-B898-EC60107095F2}.Debug|x86.ActiveCfg = Debug|Any CPU
		{FA8237EE-E127-4D18-B898-EC60107095F2}.Debug|x86.Build.0 = Debug|Any CPU
		{FA8237EE-E127-4D18-B898-EC60107095F2}.Release|Any CPU.ActiveCfg = Release|Any CPU
		{FA8237EE-E127-4D18-B898-EC60107095F2}.Release|Any CPU.Build.0 = Release|Any CPU
		{FA8237EE-E127-4D18-B898-EC60107095F2}.Release|x64.ActiveCfg = Release|Any CPU
		{FA8237EE-E127-4D18-B898-EC60107095F2}.Release|x64.Build.0 = Release|Any CPU
		{FA8237EE-E127-4D18-B898-EC60107095F2}.Release|x86.ActiveCfg = Release|Any CPU
		{FA8237EE-E127-4D18-B898-EC60107095F2}.Release|x86.Build.0 = Release|Any CPU
		{B4781854-6732-4D6A-A825-81A9FFC6030F}.Debug|Any CPU.ActiveCfg = Debug|Any CPU
		{B4781854-6732-4D6A-A825-81A9FFC6030F}.Debug|Any CPU.Build.0 = Debug|Any CPU
		{B4781854-6732-4D6A-A825-81A9FFC6030F}.Debug|x64.ActiveCfg = Debug|Any CPU
		{B4781854-6732-4D6A-A825-81A9FFC6030F}.Debug|x64.Build.0 = Debug|Any CPU
		{B4781854-6732-4D6A-A825-81A9FFC6030F}.Debug|x86.ActiveCfg = Debug|Any CPU
		{B4781854-6732-4D6A-A825-81A9FFC6030F}.Debug|x86.Build.0 = Debug|Any CPU
		{B4781854-6732-4D6A-A825-81A9FFC6030F}.Release|Any CPU.ActiveCfg = Release|Any CPU
		{B4781854-6732-4D6A-A825-81A9FFC6030F}.Release|Any CPU.Build.0 = Release|Any CPU
		{B4781854-6732-4D6A-A825-81A9FFC6030F}.Release|x64.ActiveCfg = Release|Any CPU
		{B4781854-6732-4D6A-A825-81A9FFC6030F}.Release|x64.Build.0 = Release|Any CPU
		{B4781854-6732-4D6A-A825-81A9FFC6030F}.Release|x86.ActiveCfg = Release|Any CPU
		{B4781854-6732-4D6A-A825-81A9FFC6030F}.Release|x86.Build.0 = Release|Any CPU
	EndGlobalSection
EndGlobal
